
Microsoft Visual Studio Solution File, Format Version 12.00
# Visual Studio Version 17
VisualStudioVersion = 17.3.32901.215
MinimumVisualStudioVersion = 10.0.40219.1
Project("{FAE04EC0-301F-11D3-BF4B-00C04F79EFBC}") = "Automarket", "Automarket\Automarket.csproj", "{B37EC412-1EA2-465F-A4BD-807379F02E60}"
EndProject
Global
	GlobalSection(SolutionConfigurationPlatforms) = preSolution
		Debug|Any CPU = Debug|Any CPU
		Release|Any CPU = Release|Any CPU
	EndGlobalSection
	GlobalSection(ProjectConfigurationPlatforms) = postSolution
		{B37EC412-1EA2-465F-A4BD-807379F02E60}.Debug|Any CPU.ActiveCfg = Debug|Any CPU
		{B37EC412-1EA2-465F-A4BD-807379F02E60}.Debug|Any CPU.Build.0 = Debug|Any CPU
		{B37EC412-1EA2-465F-A4BD-807379F02E60}.Release|Any CPU.ActiveCfg = Release|Any CPU
		{B37EC412-1EA2-465F-A4BD-807379F02E60}.Release|Any CPU.Build.0 = Release|Any CPU
	EndGlobalSection
	GlobalSection(SolutionProperties) = preSolution
		HideSolutionNode = FALSE
	EndGlobalSection
	GlobalSection(ExtensibilityGlobals) = postSolution
		SolutionGuid = {C132517C-DBBC-429D-A01A-3895A3ED6449}
	EndGlobalSection
EndGlobal
